
Microsoft Visual Studio Solution File, Format Version 12.00
# Visual Studio Version 17
VisualStudioVersion = 17.0.31903.59
MinimumVisualStudioVersion = 10.0.40219.1
Project("{FAE04EC0-301F-11D3-BF4B-00C04F79EFBC}") = "gRPCDotNetSample.Shared", "gRPCDotNetSample.Shared\gRPCDotNetSample.Shared.csproj", "{5BC31A60-C72F-47EE-BDB0-FC05D29CB228}"
EndProject
Project("{FAE04EC0-301F-11D3-BF4B-00C04F79EFBC}") = "gRPCDotNetSample.Service", "gRPCDotNetSample.Service\gRPCDotNetSample.Service.csproj", "{F6CC8B46-0A66-41C8-9186-3AEE2172A8FF}"
EndProject
Project("{FAE04EC0-301F-11D3-BF4B-00C04F79EFBC}") = "gRPCDotNetSample.Client", "gRPCDotNetSample.Client\gRPCDotNetSample.Client.csproj", "{97802054-FECF-452A-9277-523A48A64FF7}"
EndProject
Global
	GlobalSection(SolutionConfigurationPlatforms) = preSolution
		Debug|Any CPU = Debug|Any CPU
		Release|Any CPU = Release|Any CPU
	EndGlobalSection
	GlobalSection(SolutionProperties) = preSolution
		HideSolutionNode = FALSE
	EndGlobalSection
	GlobalSection(ProjectConfigurationPlatforms) = postSolution
		{5BC31A60-C72F-47EE-BDB0-FC05D29CB228}.Debug|Any CPU.ActiveCfg = Debug|Any CPU
		{5BC31A60-C72F-47EE-BDB0-FC05D29CB228}.Debug|Any CPU.Build.0 = Debug|Any CPU
		{5BC31A60-C72F-47EE-BDB0-FC05D29CB228}.Release|Any CPU.ActiveCfg = Release|Any CPU
		{5BC31A60-C72F-47EE-BDB0-FC05D29CB228}.Release|Any CPU.Build.0 = Release|Any CPU
		{F6CC8B46-0A66-41C8-9186-3AEE2172A8FF}.Debug|Any CPU.ActiveCfg = Debug|Any CPU
		{F6CC8B46-0A66-41C8-9186-3AEE2172A8FF}.Debug|Any CPU.Build.0 = Debug|Any CPU
		{F6CC8B46-0A66-41C8-9186-3AEE2172A8FF}.Release|Any CPU.ActiveCfg = Release|Any CPU
		{F6CC8B46-0A66-41C8-9186-3AEE2172A8FF}.Release|Any CPU.Build.0 = Release|Any CPU
		{97802054-FECF-452A-9277-523A48A64FF7}.Debug|Any CPU.ActiveCfg = Debug|Any CPU
		{97802054-FECF-452A-9277-523A48A64FF7}.Debug|Any CPU.Build.0 = Debug|Any CPU
		{97802054-FECF-452A-9277-523A48A64FF7}.Release|Any CPU.ActiveCfg = Release|Any CPU
		{97802054-FECF-452A-9277-523A48A64FF7}.Release|Any CPU.Build.0 = Release|Any CPU
	EndGlobalSection
EndGlobal
